
Microsoft Visual Studio Solution File, Format Version 12.00
# Visual Studio 2012
Project("{FAE04EC0-301F-11D3-BF4B-00C04F79EFBC}") = "ScienceAlert", "ScienceAlert.csproj", "{958CBE35-C94F-42A8-AE36-C60C8FD7EBE2}"
EndProject
Global
	GlobalSection(SolutionConfigurationPlatforms) = preSolution
		Debug|Any CPU = Debug|Any CPU
		Release|Any CPU = Release|Any CPU
	EndGlobalSection
	GlobalSection(ProjectConfigurationPlatforms) = postSolution
		{958CBE35-C94F-42A8-AE36-C60C8FD7EBE2}.Debug|Any CPU.ActiveCfg = Debug|Any CPU
		{958CBE35-C94F-42A8-AE36-C60C8FD7EBE2}.Debug|Any CPU.Build.0 = Debug|Any CPU
		{958CBE35-C94F-42A8-AE36-C60C8FD7EBE2}.Release|Any CPU.ActiveCfg = Release|Any CPU
		{958CBE35-C94F-42A8-AE36-C60C8FD7EBE2}.Release|Any CPU.Build.0 = Release|Any CPU
	EndGlobalSection
	GlobalSection(SolutionProperties) = preSolution
		HideSolutionNode = FALSE
	EndGlobalSection
EndGlobal
